// !$*UTF8*$!
{
	archiveVersion = 1;
	classes = {
	};
	objectVersion = 56;
	objects = {

/* Begin PBXBuildFile section */
		BE3C466B29129A4200ED9CE1 /* SpellingBeeSolverApp.swift in Sources */ = {isa = PBXBuildFile; fileRef = BE3C466A29129A4200ED9CE1 /* SpellingBeeSolverApp.swift */; };
		BE3C466D29129A4200ED9CE1 /* ContentView.swift in Sources */ = {isa = PBXBuildFile; fileRef = BE3C466C29129A4200ED9CE1 /* ContentView.swift */; };
		BE3C466F29129A4300ED9CE1 /* Assets.xcassets in Resources */ = {isa = PBXBuildFile; fileRef = BE3C466E29129A4300ED9CE1 /* Assets.xcassets */; };
		BE3C467329129A4300ED9CE1 /* Preview Assets.xcassets in Resources */ = {isa = PBXBuildFile; fileRef = BE3C467229129A4300ED9CE1 /* Preview Assets.xcassets */; };
		BE3C467D29129A4300ED9CE1 /* SpellingBeeSolverTests.swift in Sources */ = {isa = PBXBuildFile; fileRef = BE3C467C29129A4300ED9CE1 /* SpellingBeeSolverTests.swift */; };
		BE3C468729129A4300ED9CE1 /* SpellingBeeSolverUITests.swift in Sources */ = {isa = PBXBuildFile; fileRef = BE3C468629129A4300ED9CE1 /* SpellingBeeSolverUITests.swift */; };
		BE3C468929129A4300ED9CE1 /* SpellingBeeSolverUITestsLaunchTests.swift in Sources */ = {isa = PBXBuildFile; fileRef = BE3C468829129A4300ED9CE1 /* SpellingBeeSolverUITestsLaunchTests.swift */; };
		BE46B1E729129B1800F8C834 /* LetterForm.swift in Sources */ = {isa = PBXBuildFile; fileRef = BE46B1E629129B1800F8C834 /* LetterForm.swift */; };
		BE46B1E929129B3900F8C834 /* SolutionScreen.swift in Sources */ = {isa = PBXBuildFile; fileRef = BE46B1E829129B3900F8C834 /* SolutionScreen.swift */; };
		BE46B1ED2913553800F8C834 /* englishDictionary.csv in Resources */ = {isa = PBXBuildFile; fileRef = BE46B1EC2913553800F8C834 /* englishDictionary.csv */; };
		BE46B1EF29135DFA00F8C834 /* CompleteEnglishWords.txt in Resources */ = {isa = PBXBuildFile; fileRef = BE46B1EE29135DFA00F8C834 /* CompleteEnglishWords.txt */; };
/* End PBXBuildFile section */

/* Begin PBXContainerItemProxy section */
		BE3C467929129A4300ED9CE1 /* PBXContainerItemProxy */ = {
			isa = PBXContainerItemProxy;
			containerPortal = BE3C465F29129A4200ED9CE1 /* Project object */;
			proxyType = 1;
			remoteGlobalIDString = BE3C466629129A4200ED9CE1;
			remoteInfo = SpellingBeeSolver;
		};
		BE3C468329129A4300ED9CE1 /* PBXContainerItemProxy */ = {
			isa = PBXContainerItemProxy;
			containerPortal = BE3C465F29129A4200ED9CE1 /* Project object */;
			proxyType = 1;
			remoteGlobalIDString = BE3C466629129A4200ED9CE1;
			remoteInfo = SpellingBeeSolver;
		};
/* End PBXContainerItemProxy section */

/* Begin PBXFileReference section */
		BE3C466729129A4200ED9CE1 /* SpellingBeeSolver.app */ = {isa = PBXFileReference; explicitFileType = wrapper.application; includeInIndex = 0; path = SpellingBeeSolver.app; sourceTree = BUILT_PRODUCTS_DIR; };
		BE3C466A29129A4200ED9CE1 /* SpellingBeeSolverApp.swift */ = {isa = PBXFileReference; lastKnownFileType = sourcecode.swift; path = SpellingBeeSolverApp.swift; sourceTree = "<group>"; };
		BE3C466C29129A4200ED9CE1 /* ContentView.swift */ = {isa = PBXFileReference; lastKnownFileType = sourcecode.swift; path = ContentView.swift; sourceTree = "<group>"; };
		BE3C466E29129A4300ED9CE1 /* Assets.xcassets */ = {isa = PBXFileReference; lastKnownFileType = folder.assetcatalog; path = Assets.xcassets; sourceTree = "<group>"; };
		BE3C467029129A4300ED9CE1 /* SpellingBeeSolver.entitlements */ = {isa = PBXFileReference; lastKnownFileType = text.plist.entitlements; path = SpellingBeeSolver.entitlements; sourceTree = "<group>"; };
		BE3C467229129A4300ED9CE1 /* Preview Assets.xcassets */ = {isa = PBXFileReference; lastKnownFileType = folder.assetcatalog; path = "Preview Assets.xcassets"; sourceTree = "<group>"; };
		BE3C467829129A4300ED9CE1 /* SpellingBeeSolverTests.xctest */ = {isa = PBXFileReference; explicitFileType = wrapper.cfbundle; includeInIndex = 0; path = SpellingBeeSolverTests.xctest; sourceTree = BUILT_PRODUCTS_DIR; };
		BE3C467C29129A4300ED9CE1 /* SpellingBeeSolverTests.swift */ = {isa = PBXFileReference; lastKnownFileType = sourcecode.swift; path = SpellingBeeSolverTests.swift; sourceTree = "<group>"; };
		BE3C468229129A4300ED9CE1 /* SpellingBeeSolverUITests.xctest */ = {isa = PBXFileReference; explicitFileType = wrapper.cfbundle; includeInIndex = 0; path = SpellingBeeSolverUITests.xctest; sourceTree = BUILT_PRODUCTS_DIR; };
		BE3C468629129A4300ED9CE1 /* SpellingBeeSolverUITests.swift */ = {isa = PBXFileReference; lastKnownFileType = sourcecode.swift; path = SpellingBeeSolverUITests.swift; sourceTree = "<group>"; };
		BE3C468829129A4300ED9CE1 /* SpellingBeeSolverUITestsLaunchTests.swift */ = {isa = PBXFileReference; lastKnownFileType = sourcecode.swift; path = SpellingBeeSolverUITestsLaunchTests.swift; sourceTree = "<group>"; };
		BE46B1E629129B1800F8C834 /* LetterForm.swift */ = {isa = PBXFileReference; lastKnownFileType = sourcecode.swift; path = LetterForm.swift; sourceTree = "<group>"; };
		BE46B1E829129B3900F8C834 /* SolutionScreen.swift */ = {isa = PBXFileReference; lastKnownFileType = sourcecode.swift; path = SolutionScreen.swift; sourceTree = "<group>"; };
		BE46B1EC2913553800F8C834 /* englishDictionary.csv */ = {isa = PBXFileReference; fileEncoding = 4; lastKnownFileType = text; path = englishDictionary.csv; sourceTree = "<group>"; };
		BE46B1EE29135DFA00F8C834 /* CompleteEnglishWords.txt */ = {isa = PBXFileReference; fileEncoding = 4; lastKnownFileType = text; path = CompleteEnglishWords.txt; sourceTree = "<group>"; };
/* End PBXFileReference section */

/* Begin PBXFrameworksBuildPhase section */
		BE3C466429129A4200ED9CE1 /* Frameworks */ = {
			isa = PBXFrameworksBuildPhase;
			buildActionMask = 2147483647;
			files = (
			);
			runOnlyForDeploymentPostprocessing = 0;
		};
		BE3C467529129A4300ED9CE1 /* Frameworks */ = {
			isa = PBXFrameworksBuildPhase;
			buildActionMask = 2147483647;
			files = (
			);
			runOnlyForDeploymentPostprocessing = 0;
		};
		BE3C467F29129A4300ED9CE1 /* Frameworks */ = {
			isa = PBXFrameworksBuildPhase;
			buildActionMask = 2147483647;
			files = (
			);
			runOnlyForDeploymentPostprocessing = 0;
		};
/* End PBXFrameworksBuildPhase section */

/* Begin PBXGroup section */
		BE3C465E29129A4200ED9CE1 = {
			isa = PBXGroup;
			children = (
				BE3C466929129A4200ED9CE1 /* SpellingBeeSolver */,
				BE3C467B29129A4300ED9CE1 /* SpellingBeeSolverTests */,
				BE3C468529129A4300ED9CE1 /* SpellingBeeSolverUITests */,
				BE3C466829129A4200ED9CE1 /* Products */,
			);
			sourceTree = "<group>";
		};
		BE3C466829129A4200ED9CE1 /* Products */ = {
			isa = PBXGroup;
			children = (
				BE3C466729129A4200ED9CE1 /* SpellingBeeSolver.app */,
				BE3C467829129A4300ED9CE1 /* SpellingBeeSolverTests.xctest */,
				BE3C468229129A4300ED9CE1 /* SpellingBeeSolverUITests.xctest */,
			);
			name = Products;
			sourceTree = "<group>";
		};
		BE3C466929129A4200ED9CE1 /* SpellingBeeSolver */ = {
			isa = PBXGroup;
			children = (
				BE46B1EE29135DFA00F8C834 /* CompleteEnglishWords.txt */,
				BE46B1EC2913553800F8C834 /* englishDictionary.csv */,
				BE3C466A29129A4200ED9CE1 /* SpellingBeeSolverApp.swift */,
				BE3C466C29129A4200ED9CE1 /* ContentView.swift */,
				BE46B1E629129B1800F8C834 /* LetterForm.swift */,
				BE46B1E829129B3900F8C834 /* SolutionScreen.swift */,
				BE3C466E29129A4300ED9CE1 /* Assets.xcassets */,
				BE3C467029129A4300ED9CE1 /* SpellingBeeSolver.entitlements */,
				BE3C467129129A4300ED9CE1 /* Preview Content */,
			);
			path = SpellingBeeSolver;
			sourceTree = "<group>";
		};
		BE3C467129129A4300ED9CE1 /* Preview Content */ = {
			isa = PBXGroup;
			children = (
				BE3C467229129A4300ED9CE1 /* Preview Assets.xcassets */,
			);
			path = "Preview Content";
			sourceTree = "<group>";
		};
		BE3C467B29129A4300ED9CE1 /* SpellingBeeSolverTests */ = {
			isa = PBXGroup;
			children = (
				BE3C467C29129A4300ED9CE1 /* SpellingBeeSolverTests.swift */,
			);
			path = SpellingBeeSolverTests;
			sourceTree = "<group>";
		};
		BE3C468529129A4300ED9CE1 /* SpellingBeeSolverUITests */ = {
			isa = PBXGroup;
			children = (
				BE3C468629129A4300ED9CE1 /* SpellingBeeSolverUITests.swift */,
				BE3C468829129A4300ED9CE1 /* SpellingBeeSolverUITestsLaunchTests.swift */,
			);
			path = SpellingBeeSolverUITests;
			sourceTree = "<group>";
		};
/* End PBXGroup section */

/* Begin PBXNativeTarget section */
		BE3C466629129A4200ED9CE1 /* SpellingBeeSolver */ = {
			isa = PBXNativeTarget;
			buildConfigurationList = BE3C468C29129A4300ED9CE1 /* Build configuration list for PBXNativeTarget "SpellingBeeSolver" */;
			buildPhases = (
				BE3C466329129A4200ED9CE1 /* Sources */,
				BE3C466429129A4200ED9CE1 /* Frameworks */,
				BE3C466529129A4200ED9CE1 /* Resources */,
			);
			buildRules = (
			);
			dependencies = (
			);
			name = SpellingBeeSolver;
			productName = SpellingBeeSolver;
			productReference = BE3C466729129A4200ED9CE1 /* SpellingBeeSolver.app */;
			productType = "com.apple.product-type.application";
		};
		BE3C467729129A4300ED9CE1 /* SpellingBeeSolverTests */ = {
			isa = PBXNativeTarget;
			buildConfigurationList = BE3C468F29129A4300ED9CE1 /* Build configuration list for PBXNativeTarget "SpellingBeeSolverTests" */;
			buildPhases = (
				BE3C467429129A4300ED9CE1 /* Sources */,
				BE3C467529129A4300ED9CE1 /* Frameworks */,
				BE3C467629129A4300ED9CE1 /* Resources */,
			);
			buildRules = (
			);
			dependencies = (
				BE3C467A29129A4300ED9CE1 /* PBXTargetDependency */,
			);
			name = SpellingBeeSolverTests;
			productName = SpellingBeeSolverTests;
			productReference = BE3C467829129A4300ED9CE1 /* SpellingBeeSolverTests.xctest */;
			productType = "com.apple.product-type.bundle.unit-test";
		};
		BE3C468129129A4300ED9CE1 /* SpellingBeeSolverUITests */ = {
			isa = PBXNativeTarget;
			buildConfigurationList = BE3C469229129A4300ED9CE1 /* Build configuration list for PBXNativeTarget "SpellingBeeSolverUITests" */;
			buildPhases = (
				BE3C467E29129A4300ED9CE1 /* Sources */,
				BE3C467F29129A4300ED9CE1 /* Frameworks */,
				BE3C468029129A4300ED9CE1 /* Resources */,
			);
			buildRules = (
			);
			dependencies = (
				BE3C468429129A4300ED9CE1 /* PBXTargetDependency */,
			);
			name = SpellingBeeSolverUITests;
			productName = SpellingBeeSolverUITests;
			productReference = BE3C468229129A4300ED9CE1 /* SpellingBeeSolverUITests.xctest */;
			productType = "com.apple.product-type.bundle.ui-testing";
		};
/* End PBXNativeTarget section */

/* Begin PBXProject section */
		BE3C465F29129A4200ED9CE1 /* Project object */ = {
			isa = PBXProject;
			attributes = {
				BuildIndependentTargetsInParallel = 1;
				LastSwiftUpdateCheck = 1400;
				LastUpgradeCheck = 1400;
				TargetAttributes = {
					BE3C466629129A4200ED9CE1 = {
						CreatedOnToolsVersion = 14.0.1;
					};
					BE3C467729129A4300ED9CE1 = {
						CreatedOnToolsVersion = 14.0.1;
						TestTargetID = BE3C466629129A4200ED9CE1;
					};
					BE3C468129129A4300ED9CE1 = {
						CreatedOnToolsVersion = 14.0.1;
						TestTargetID = BE3C466629129A4200ED9CE1;
					};
				};
			};
			buildConfigurationList = BE3C466229129A4200ED9CE1 /* Build configuration list for PBXProject "SpellingBeeSolver" */;
			compatibilityVersion = "Xcode 14.0";
			developmentRegion = en;
			hasScannedForEncodings = 0;
			knownRegions = (
				en,
				Base,
			);
			mainGroup = BE3C465E29129A4200ED9CE1;
			productRefGroup = BE3C466829129A4200ED9CE1 /* Products */;
			projectDirPath = "";
			projectRoot = "";
			targets = (
				BE3C466629129A4200ED9CE1 /* SpellingBeeSolver */,
				BE3C467729129A4300ED9CE1 /* SpellingBeeSolverTests */,
				BE3C468129129A4300ED9CE1 /* SpellingBeeSolverUITests */,
			);
		};
/* End PBXProject section */

/* Begin PBXResourcesBuildPhase section */
		BE3C466529129A4200ED9CE1 /* Resources */ = {
			isa = PBXResourcesBuildPhase;
			buildActionMask = 2147483647;
			files = (
				BE46B1EF29135DFA00F8C834 /* CompleteEnglishWords.txt in Resources */,
				BE46B1ED2913553800F8C834 /* englishDictionary.csv in Resources */,
				BE3C467329129A4300ED9CE1 /* Preview Assets.xcassets in Resources */,
				BE3C466F29129A4300ED9CE1 /* Assets.xcassets in Resources */,
			);
			runOnlyForDeploymentPostprocessing = 0;
		};
		BE3C467629129A4300ED9CE1 /* Resources */ = {
			isa = PBXResourcesBuildPhase;
			buildActionMask = 2147483647;
			files = (
			);
			runOnlyForDeploymentPostprocessing = 0;
		};
		BE3C468029129A4300ED9CE1 /* Resources */ = {
			isa = PBXResourcesBuildPhase;
			buildActionMask = 2147483647;
			files = (
			);
			runOnlyForDeploymentPostprocessing = 0;
		};
/* End PBXResourcesBuildPhase section */

/* Begin PBXSourcesBuildPhase section */
		BE3C466329129A4200ED9CE1 /* Sources */ = {
			isa = PBXSourcesBuildPhase;
			buildActionMask = 2147483647;
			files = (
				BE46B1E929129B3900F8C834 /* SolutionScreen.swift in Sources */,
				BE46B1E729129B1800F8C834 /* LetterForm.swift in Sources */,
				BE3C466D29129A4200ED9CE1 /* ContentView.swift in Sources */,
				BE3C466B29129A4200ED9CE1 /* SpellingBeeSolverApp.swift in Sources */,
			);
			runOnlyForDeploymentPostprocessing = 0;
		};
		BE3C467429129A4300ED9CE1 /* Sources */ = {
			isa = PBXSourcesBuildPhase;
			buildActionMask = 2147483647;
			files = (
				BE3C467D29129A4300ED9CE1 /* SpellingBeeSolverTests.swift in Sources */,
			);
			runOnlyForDeploymentPostprocessing = 0;
		};
		BE3C467E29129A4300ED9CE1 /* Sources */ = {
			isa = PBXSourcesBuildPhase;
			buildActionMask = 2147483647;
			files = (
				BE3C468929129A4300ED9CE1 /* SpellingBeeSolverUITestsLaunchTests.swift in Sources */,
				BE3C468729129A4300ED9CE1 /* SpellingBeeSolverUITests.swift in Sources */,
			);
			runOnlyForDeploymentPostprocessing = 0;
		};
/* End PBXSourcesBuildPhase section */

/* Begin PBXTargetDependency section */
		BE3C467A29129A4300ED9CE1 /* PBXTargetDependency */ = {
			isa = PBXTargetDependency;
			target = BE3C466629129A4200ED9CE1 /* SpellingBeeSolver */;
			targetProxy = BE3C467929129A4300ED9CE1 /* PBXContainerItemProxy */;
		};
		BE3C468429129A4300ED9CE1 /* PBXTargetDependency */ = {
			isa = PBXTargetDependency;
			target = BE3C466629129A4200ED9CE1 /* SpellingBeeSolver */;
			targetProxy = BE3C468329129A4300ED9CE1 /* PBXContainerItemProxy */;
		};
/* End PBXTargetDependency section */

/* Begin XCBuildConfiguration section */
		BE3C468A29129A4300ED9CE1 /* Debug */ = {
			isa = XCBuildConfiguration;
			buildSettings = {
				ALWAYS_SEARCH_USER_PATHS = NO;
				CLANG_ANALYZER_NONNULL = YES;
				CLANG_ANALYZER_NUMBER_OBJECT_CONVERSION = YES_AGGRESSIVE;
				CLANG_CXX_LANGUAGE_STANDARD = "gnu++20";
				CLANG_ENABLE_MODULES = YES;
				CLANG_ENABLE_OBJC_ARC = YES;
				CLANG_ENABLE_OBJC_WEAK = YES;
				CLANG_WARN_BLOCK_CAPTURE_AUTORELEASING = YES;
				CLANG_WARN_BOOL_CONVERSION = YES;
				CLANG_WARN_COMMA = YES;
				CLANG_WARN_CONSTANT_CONVERSION = YES;
				CLANG_WARN_DEPRECATED_OBJC_IMPLEMENTATIONS = YES;
				CLANG_WARN_DIRECT_OBJC_ISA_USAGE = YES_ERROR;
				CLANG_WARN_DOCUMENTATION_COMMENTS = YES;
				CLANG_WARN_EMPTY_BODY = YES;
				CLANG_WARN_ENUM_CONVERSION = YES;
				CLANG_WARN_INFINITE_RECURSION = YES;
				CLANG_WARN_INT_CONVERSION = YES;
				CLANG_WARN_NON_LITERAL_NULL_CONVERSION = YES;
				CLANG_WARN_OBJC_IMPLICIT_RETAIN_SELF = YES;
				CLANG_WARN_OBJC_LITERAL_CONVERSION = YES;
				CLANG_WARN_OBJC_ROOT_CLASS = YES_ERROR;
				CLANG_WARN_QUOTED_INCLUDE_IN_FRAMEWORK_HEADER = YES;
				CLANG_WARN_RANGE_LOOP_ANALYSIS = YES;
				CLANG_WARN_STRICT_PROTOTYPES = YES;
				CLANG_WARN_SUSPICIOUS_MOVE = YES;
				CLANG_WARN_UNGUARDED_AVAILABILITY = YES_AGGRESSIVE;
				CLANG_WARN_UNREACHABLE_CODE = YES;
				CLANG_WARN__DUPLICATE_METHOD_MATCH = YES;
				COPY_PHASE_STRIP = NO;
				DEBUG_INFORMATION_FORMAT = dwarf;
				ENABLE_STRICT_OBJC_MSGSEND = YES;
				ENABLE_TESTABILITY = YES;
				GCC_C_LANGUAGE_STANDARD = gnu11;
				GCC_DYNAMIC_NO_PIC = NO;
				GCC_NO_COMMON_BLOCKS = YES;
				GCC_OPTIMIZATION_LEVEL = 0;
				GCC_PREPROCESSOR_DEFINITIONS = (
					"DEBUG=1",
					"$(inherited)",
				);
				GCC_WARN_64_TO_32_BIT_CONVERSION = YES;
				GCC_WARN_ABOUT_RETURN_TYPE = YES_ERROR;
				GCC_WARN_UNDECLARED_SELECTOR = YES;
				GCC_WARN_UNINITIALIZED_AUTOS = YES_AGGRESSIVE;
				GCC_WARN_UNUSED_FUNCTION = YES;
				GCC_WARN_UNUSED_VARIABLE = YES;
				MTL_ENABLE_DEBUG_INFO = INCLUDE_SOURCE;
				MTL_FAST_MATH = YES;
				ONLY_ACTIVE_ARCH = YES;
				SWIFT_ACTIVE_COMPILATION_CONDITIONS = DEBUG;
				SWIFT_OPTIMIZATION_LEVEL = "-Onone";
			};
			name = Debug;
		};
		BE3C468B29129A4300ED9CE1 /* Release */ = {
			isa = XCBuildConfiguration;
			buildSettings = {
				ALWAYS_SEARCH_USER_PATHS = NO;
				CLANG_ANALYZER_NONNULL = YES;
				CLANG_ANALYZER_NUMBER_OBJECT_CONVERSION = YES_AGGRESSIVE;
				CLANG_CXX_LANGUAGE_STANDARD = "gnu++20";
				CLANG_ENABLE_MODULES = YES;
				CLANG_ENABLE_OBJC_ARC = YES;
				CLANG_ENABLE_OBJC_WEAK = YES;
				CLANG_WARN_BLOCK_CAPTURE_AUTORELEASING = YES;
				CLANG_WARN_BOOL_CONVERSION = YES;
				CLANG_WARN_COMMA = YES;
				CLANG_WARN_CONSTANT_CONVERSION = YES;
				CLANG_WARN_DEPRECATED_OBJC_IMPLEMENTATIONS = YES;
				CLANG_WARN_DIRECT_OBJC_ISA_USAGE = YES_ERROR;
				CLANG_WARN_DOCUMENTATION_COMMENTS = YES;
				CLANG_WARN_EMPTY_BODY = YES;
				CLANG_WARN_ENUM_CONVERSION = YES;
				CLANG_WARN_INFINITE_RECURSION = YES;
				CLANG_WARN_INT_CONVERSION = YES;
				CLANG_WARN_NON_LITERAL_NULL_CONVERSION = YES;
				CLANG_WARN_OBJC_IMPLICIT_RETAIN_SELF = YES;
				CLANG_WARN_OBJC_LITERAL_CONVERSION = YES;
				CLANG_WARN_OBJC_ROOT_CLASS = YES_ERROR;
				CLANG_WARN_QUOTED_INCLUDE_IN_FRAMEWORK_HEADER = YES;
				CLANG_WARN_RANGE_LOOP_ANALYSIS = YES;
				CLANG_WARN_STRICT_PROTOTYPES = YES;
				CLANG_WARN_SUSPICIOUS_MOVE = YES;
				CLANG_WARN_UNGUARDED_AVAILABILITY = YES_AGGRESSIVE;
				CLANG_WARN_UNREACHABLE_CODE = YES;
				CLANG_WARN__DUPLICATE_METHOD_MATCH = YES;
				COPY_PHASE_STRIP = NO;
				DEBUG_INFORMATION_FORMAT = "dwarf-with-dsym";
				ENABLE_NS_ASSERTIONS = NO;
				ENABLE_STRICT_OBJC_MSGSEND = YES;
				GCC_C_LANGUAGE_STANDARD = gnu11;
				GCC_NO_COMMON_BLOCKS = YES;
				GCC_WARN_64_TO_32_BIT_CONVERSION = YES;
				GCC_WARN_ABOUT_RETURN_TYPE = YES_ERROR;
				GCC_WARN_UNDECLARED_SELECTOR = YES;
				GCC_WARN_UNINITIALIZED_AUTOS = YES_AGGRESSIVE;
				GCC_WARN_UNUSED_FUNCTION = YES;
				GCC_WARN_UNUSED_VARIABLE = YES;
				MTL_ENABLE_DEBUG_INFO = NO;
				MTL_FAST_MATH = YES;
				SWIFT_COMPILATION_MODE = wholemodule;
				SWIFT_OPTIMIZATION_LEVEL = "-O";
			};
			name = Release;
		};
		BE3C468D29129A4300ED9CE1 /* Debug */ = {
			isa = XCBuildConfiguration;
			buildSettings = {
				ASSETCATALOG_COMPILER_APPICON_NAME = AppIcon;
				ASSETCATALOG_COMPILER_GLOBAL_ACCENT_COLOR_NAME = AccentColor;
				CODE_SIGN_ENTITLEMENTS = SpellingBeeSolver/SpellingBeeSolver.entitlements;
				CODE_SIGN_STYLE = Automatic;
				CURRENT_PROJECT_VERSION = 1;
				DEVELOPMENT_ASSET_PATHS = "\"SpellingBeeSolver/Preview Content\"";
				ENABLE_PREVIEWS = YES;
				GENERATE_INFOPLIST_FILE = YES;
				"INFOPLIST_KEY_UIApplicationSceneManifest_Generation[sdk=iphoneos*]" = YES;
				"INFOPLIST_KEY_UIApplicationSceneManifest_Generation[sdk=iphonesimulator*]" = YES;
				"INFOPLIST_KEY_UIApplicationSupportsIndirectInputEvents[sdk=iphoneos*]" = YES;
				"INFOPLIST_KEY_UIApplicationSupportsIndirectInputEvents[sdk=iphonesimulator*]" = YES;
				"INFOPLIST_KEY_UILaunchScreen_Generation[sdk=iphoneos*]" = YES;
				"INFOPLIST_KEY_UILaunchScreen_Generation[sdk=iphonesimulator*]" = YES;
				"INFOPLIST_KEY_UIStatusBarStyle[sdk=iphoneos*]" = UIStatusBarStyleDefault;
				"INFOPLIST_KEY_UIStatusBarStyle[sdk=iphonesimulator*]" = UIStatusBarStyleDefault;
				INFOPLIST_KEY_UISupportedInterfaceOrientations_iPad = "UIInterfaceOrientationPortrait UIInterfaceOrientationPortraitUpsideDown UIInterfaceOrientationLandscapeLeft UIInterfaceOrientationLandscapeRight";
				INFOPLIST_KEY_UISupportedInterfaceOrientations_iPhone = "UIInterfaceOrientationPortrait UIInterfaceOrientationLandscapeLeft UIInterfaceOrientationLandscapeRight";
				IPHONEOS_DEPLOYMENT_TARGET = 16.0;
				LD_RUNPATH_SEARCH_PATHS = "@executable_path/Frameworks";
				"LD_RUNPATH_SEARCH_PATHS[sdk=macosx*]" = "@executable_path/../Frameworks";
				MACOSX_DEPLOYMENT_TARGET = 12.3;
				MARKETING_VERSION = 1.0;
				PRODUCT_BUNDLE_IDENTIFIER = "Alex-Bardi.SpellingBeeSolver";
				PRODUCT_NAME = "$(TARGET_NAME)";
				SDKROOT = auto;
				SUPPORTED_PLATFORMS = "iphoneos iphonesimulator macosx";
				SWIFT_EMIT_LOC_STRINGS = YES;
				SWIFT_VERSION = 5.0;
				TARGETED_DEVICE_FAMILY = "1,2";
			};
			name = Debug;
		};
		BE3C468E29129A4300ED9CE1 /* Release */ = {
			isa = XCBuildConfiguration;
			buildSettings = {
				ASSETCATALOG_COMPILER_APPICON_NAME = AppIcon;
				ASSETCATALOG_COMPILER_GLOBAL_ACCENT_COLOR_NAME = AccentColor;
				CODE_SIGN_ENTITLEMENTS = SpellingBeeSolver/SpellingBeeSolver.entitlements;
				CODE_SIGN_STYLE = Automatic;
				CURRENT_PROJECT_VERSION = 1;
				DEVELOPMENT_ASSET_PATHS = "\"SpellingBeeSolver/Preview Content\"";
				ENABLE_PREVIEWS = YES;
				GENERATE_INFOPLIST_FILE = YES;
				"INFOPLIST_KEY_UIApplicationSceneManifest_Generation[sdk=iphoneos*]" = YES;
				"INFOPLIST_KEY_UIApplicationSceneManifest_Generation[sdk=iphonesimulator*]" = YES;
				"INFOPLIST_KEY_UIApplicationSupportsIndirectInputEvents[sdk=iphoneos*]" = YES;
				"INFOPLIST_KEY_UIApplicationSupportsIndirectInputEvents[sdk=iphonesimulator*]" = YES;
				"INFOPLIST_KEY_UILaunchScreen_Generation[sdk=iphoneos*]" = YES;
				"INFOPLIST_KEY_UILaunchScreen_Generation[sdk=iphonesimulator*]" = YES;
				"INFOPLIST_KEY_UIStatusBarStyle[sdk=iphoneos*]" = UIStatusBarStyleDefault;
				"INFOPLIST_KEY_UIStatusBarStyle[sdk=iphonesimulator*]" = UIStatusBarStyleDefault;
				INFOPLIST_KEY_UISupportedInterfaceOrientations_iPad = "UIInterfaceOrientationPortrait UIInterfaceOrientationPortraitUpsideDown UIInterfaceOrientationLandscapeLeft UIInterfaceOrientationLandscapeRight";
				INFOPLIST_KEY_UISupportedInterfaceOrientations_iPhone = "UIInterfaceOrientationPortrait UIInterfaceOrientationLandscapeLeft UIInterfaceOrientationLandscapeRight";
				IPHONEOS_DEPLOYMENT_TARGET = 16.0;
				LD_RUNPATH_SEARCH_PATHS = "@executable_path/Frameworks";
				"LD_RUNPATH_SEARCH_PATHS[sdk=macosx*]" = "@executable_path/../Frameworks";
				MACOSX_DEPLOYMENT_TARGET = 12.3;
				MARKETING_VERSION = 1.0;
				PRODUCT_BUNDLE_IDENTIFIER = "Alex-Bardi.SpellingBeeSolver";
				PRODUCT_NAME = "$(TARGET_NAME)";
				SDKROOT = auto;
				SUPPORTED_PLATFORMS = "iphoneos iphonesimulator macosx";
				SWIFT_EMIT_LOC_STRINGS = YES;
				SWIFT_VERSION = 5.0;
				TARGETED_DEVICE_FAMILY = "1,2";
			};
			name = Release;
		};
		BE3C469029129A4300ED9CE1 /* Debug */ = {
			isa = XCBuildConfiguration;
			buildSettings = {
				ALWAYS_EMBED_SWIFT_STANDARD_LIBRARIES = YES;
				BUNDLE_LOADER = "$(TEST_HOST)";
				CODE_SIGN_STYLE = Automatic;
				CURRENT_PROJECT_VERSION = 1;
				GENERATE_INFOPLIST_FILE = YES;
				IPHONEOS_DEPLOYMENT_TARGET = 16.0;
				MACOSX_DEPLOYMENT_TARGET = 12.3;
				MARKETING_VERSION = 1.0;
				PRODUCT_BUNDLE_IDENTIFIER = "Alex-Bardi.SpellingBeeSolverTests";
				PRODUCT_NAME = "$(TARGET_NAME)";
				SDKROOT = auto;
				SUPPORTED_PLATFORMS = "iphoneos iphonesimulator macosx";
				SWIFT_EMIT_LOC_STRINGS = NO;
				SWIFT_VERSION = 5.0;
				TARGETED_DEVICE_FAMILY = "1,2";
				TEST_HOST = "$(BUILT_PRODUCTS_DIR)/SpellingBeeSolver.app/$(BUNDLE_EXECUTABLE_FOLDER_PATH)/SpellingBeeSolver";
			};
			name = Debug;
		};
		BE3C469129129A4300ED9CE1 /* Release */ = {
			isa = XCBuildConfiguration;
			buildSettings = {
				ALWAYS_EMBED_SWIFT_STANDARD_LIBRARIES = YES;
				BUNDLE_LOADER = "$(TEST_HOST)";
				CODE_SIGN_STYLE = Automatic;
				CURRENT_PROJECT_VERSION = 1;
				GENERATE_INFOPLIST_FILE = YES;
				IPHONEOS_DEPLOYMENT_TARGET = 16.0;
				MACOSX_DEPLOYMENT_TARGET = 12.3;
				MARKETING_VERSION = 1.0;
				PRODUCT_BUNDLE_IDENTIFIER = "Alex-Bardi.SpellingBeeSolverTests";
				PRODUCT_NAME = "$(TARGET_NAME)";
				SDKROOT = auto;
				SUPPORTED_PLATFORMS = "iphoneos iphonesimulator macosx";
				SWIFT_EMIT_LOC_STRINGS = NO;
				SWIFT_VERSION = 5.0;
				TARGETED_DEVICE_FAMILY = "1,2";
				TEST_HOST = "$(BUILT_PRODUCTS_DIR)/SpellingBeeSolver.app/$(BUNDLE_EXECUTABLE_FOLDER_PATH)/SpellingBeeSolver";
			};
			name = Release;
		};
		BE3C469329129A4300ED9CE1 /* Debug */ = {
			isa = XCBuildConfiguration;
			buildSettings = {
				ALWAYS_EMBED_SWIFT_STANDARD_LIBRARIES = YES;
				CODE_SIGN_STYLE = Automatic;
				CURRENT_PROJECT_VERSION = 1;
				GENERATE_INFOPLIST_FILE = YES;
				IPHONEOS_DEPLOYMENT_TARGET = 16.0;
				MACOSX_DEPLOYMENT_TARGET = 12.3;
				MARKETING_VERSION = 1.0;
				PRODUCT_BUNDLE_IDENTIFIER = "Alex-Bardi.SpellingBeeSolverUITests";
				PRODUCT_NAME = "$(TARGET_NAME)";
				SDKROOT = auto;
				SUPPORTED_PLATFORMS = "iphoneos iphonesimulator macosx";
				SWIFT_EMIT_LOC_STRINGS = NO;
				SWIFT_VERSION = 5.0;
				TARGETED_DEVICE_FAMILY = "1,2";
				TEST_TARGET_NAME = SpellingBeeSolver;
			};
			name = Debug;
		};
		BE3C469429129A4300ED9CE1 /* Release */ = {
			isa = XCBuildConfiguration;
			buildSettings = {
				ALWAYS_EMBED_SWIFT_STANDARD_LIBRARIES = YES;
				CODE_SIGN_STYLE = Automatic;
				CURRENT_PROJECT_VERSION = 1;
				GENERATE_INFOPLIST_FILE = YES;
				IPHONEOS_DEPLOYMENT_TARGET = 16.0;
				MACOSX_DEPLOYMENT_TARGET = 12.3;
				MARKETING_VERSION = 1.0;
				PRODUCT_BUNDLE_IDENTIFIER = "Alex-Bardi.SpellingBeeSolverUITests";
				PRODUCT_NAME = "$(TARGET_NAME)";
				SDKROOT = auto;
				SUPPORTED_PLATFORMS = "iphoneos iphonesimulator macosx";
				SWIFT_EMIT_LOC_STRINGS = NO;
				SWIFT_VERSION = 5.0;
				TARGETED_DEVICE_FAMILY = "1,2";
				TEST_TARGET_NAME = SpellingBeeSolver;
			};
			name = Release;
		};
/* End XCBuildConfiguration section */

/* Begin XCConfigurationList section */
		BE3C466229129A4200ED9CE1 /* Build configuration list for PBXProject "SpellingBeeSolver" */ = {
			isa = XCConfigurationList;
			buildConfigurations = (
				BE3C468A29129A4300ED9CE1 /* Debug */,
				BE3C468B29129A4300ED9CE1 /* Release */,
			);
			defaultConfigurationIsVisible = 0;
			defaultConfigurationName = Release;
		};
		BE3C468C29129A4300ED9CE1 /* Build configuration list for PBXNativeTarget "SpellingBeeSolver" */ = {
			isa = XCConfigurationList;
			buildConfigurations = (
				BE3C468D29129A4300ED9CE1 /* Debug */,
				BE3C468E29129A4300ED9CE1 /* Release */,
			);
			defaultConfigurationIsVisible = 0;
			defaultConfigurationName = Release;
		};
		BE3C468F29129A4300ED9CE1 /* Build configuration list for PBXNativeTarget "SpellingBeeSolverTests" */ = {
			isa = XCConfigurationList;
			buildConfigurations = (
				BE3C469029129A4300ED9CE1 /* Debug */,
				BE3C469129129A4300ED9CE1 /* Release */,
			);
			defaultConfigurationIsVisible = 0;
			defaultConfigurationName = Release;
		};
		BE3C469229129A4300ED9CE1 /* Build configuration list for PBXNativeTarget "SpellingBeeSolverUITests" */ = {
			isa = XCConfigurationList;
			buildConfigurations = (
				BE3C469329129A4300ED9CE1 /* Debug */,
				BE3C469429129A4300ED9CE1 /* Release */,
			);
			defaultConfigurationIsVisible = 0;
			defaultConfigurationName = Release;
		};
/* End XCConfigurationList section */
	};
	rootObject = BE3C465F29129A4200ED9CE1 /* Project object */;
}
